
Microsoft Visual Studio Solution File, Format Version 12.00
# Visual Studio Version 16
VisualStudioVersion = 16.0.32002.261
MinimumVisualStudioVersion = 10.0.40219.1
Project("{9A19103F-16F7-4668-BE54-9A1E7A4F7556}") = "TeamBravo.Server", "TeamBravo\Server\TeamBravo.Server.csproj", "{002226B4-7090-4A51-AFD8-8660F5DC3DA9}"
EndProject
Project("{9A19103F-16F7-4668-BE54-9A1E7A4F7556}") = "TeamBravo.Client", "TeamBravo\Client\TeamBravo.Client.csproj", "{F47D4B4E-D67C-4097-BBB7-67FA452C5BDE}"
EndProject
Project("{9A19103F-16F7-4668-BE54-9A1E7A4F7556}") = "TeamBravo.Shared", "TeamBravo\Shared\TeamBravo.Shared.csproj", "{B4167D5B-52AB-4592-993D-BC7FB85BD7FF}"
EndProject
Global
	GlobalSection(SolutionConfigurationPlatforms) = preSolution
		Debug|Any CPU = Debug|Any CPU
		Release|Any CPU = Release|Any CPU
	EndGlobalSection
	GlobalSection(ProjectConfigurationPlatforms) = postSolution
		{002226B4-7090-4A51-AFD8-8660F5DC3DA9}.Debug|Any CPU.ActiveCfg = Debug|Any CPU
		{002226B4-7090-4A51-AFD8-8660F5DC3DA9}.Debug|Any CPU.Build.0 = Debug|Any CPU
		{002226B4-7090-4A51-AFD8-8660F5DC3DA9}.Release|Any CPU.ActiveCfg = Release|Any CPU
		{002226B4-7090-4A51-AFD8-8660F5DC3DA9}.Release|Any CPU.Build.0 = Release|Any CPU
		{F47D4B4E-D67C-4097-BBB7-67FA452C5BDE}.Debug|Any CPU.ActiveCfg = Debug|Any CPU
		{F47D4B4E-D67C-4097-BBB7-67FA452C5BDE}.Debug|Any CPU.Build.0 = Debug|Any CPU
		{F47D4B4E-D67C-4097-BBB7-67FA452C5BDE}.Release|Any CPU.ActiveCfg = Release|Any CPU
		{F47D4B4E-D67C-4097-BBB7-67FA452C5BDE}.Release|Any CPU.Build.0 = Release|Any CPU
		{B4167D5B-52AB-4592-993D-BC7FB85BD7FF}.Debug|Any CPU.ActiveCfg = Debug|Any CPU
		{B4167D5B-52AB-4592-993D-BC7FB85BD7FF}.Debug|Any CPU.Build.0 = Debug|Any CPU
		{B4167D5B-52AB-4592-993D-BC7FB85BD7FF}.Release|Any CPU.ActiveCfg = Release|Any CPU
		{B4167D5B-52AB-4592-993D-BC7FB85BD7FF}.Release|Any CPU.Build.0 = Release|Any CPU
	EndGlobalSection
	GlobalSection(SolutionProperties) = preSolution
		HideSolutionNode = FALSE
	EndGlobalSection
	GlobalSection(ExtensibilityGlobals) = postSolution
		SolutionGuid = {A9CF8FAD-5DE3-4281-AC82-0592AA049D2A}
	EndGlobalSection
EndGlobal
